
Microsoft Visual Studio Solution File, Format Version 12.00
# Visual Studio Version 17
VisualStudioVersion = 17.0.31903.59
MinimumVisualStudioVersion = 10.0.40219.1
Project("{2150E333-8FDC-42A3-9474-1A3956D46DE8}") = "src", "src", "{827E0CD3-B72D-47B6-A68D-7590B98EB39B}"
EndProject
Project("{2150E333-8FDC-42A3-9474-1A3956D46DE8}") = "Api", "Api", "{81034408-37C8-1011-444E-4C15C2FADA8E}"
EndProject
Project("{FAE04EC0-301F-11D3-BF4B-00C04F79EFBC}") = "Ecommerce.Api", "src\Api\Ecommerce.Api\Ecommerce.Api.csproj", "{19760BA9-E95B-4C87-A169-281BB17C67CD}"
EndProject
Project("{FAE04EC0-301F-11D3-BF4B-00C04F79EFBC}") = "Ecommerce.BuildingBlocks.Domain", "src\BuildingBlocks\Ecommerce.BuildingBlocks.Domain\Ecommerce.BuildingBlocks.Domain.csproj", "{57EFD04C-9CBC-4687-A33D-C5E75A3E3D4C}"
EndProject
Project("{FAE04EC0-301F-11D3-BF4B-00C04F79EFBC}") = "Ecommerce.BuildingBlocks.Application", "src\BuildingBlocks\Ecommerce.BuildingBlocks.Application\Ecommerce.BuildingBlocks.Application.csproj", "{8837735B-328D-4CA1-91C3-BACD40B7A093}"
EndProject
Project("{FAE04EC0-301F-11D3-BF4B-00C04F79EFBC}") = "Ecommerce.BuildingBlocks.Infrastructure", "src\BuildingBlocks\Ecommerce.BuildingBlocks.Infrastructure\Ecommerce.BuildingBlocks.Infrastructure.csproj", "{CCC57AA9-48FE-4D14-8951-EDE3FDB494B2}"
EndProject
Project("{FAE04EC0-301F-11D3-BF4B-00C04F79EFBC}") = "Ecommerce.Catalog.Domain", "src\Modules\Catalog\Ecommerce.Catalog.Domain\Ecommerce.Catalog.Domain.csproj", "{B4758736-6743-487B-A541-3F540AD6A646}"
EndProject
Project("{FAE04EC0-301F-11D3-BF4B-00C04F79EFBC}") = "Ecommerce.Catalog.Application", "src\Modules\Catalog\Ecommerce.Catalog.Application\Ecommerce.Catalog.Application.csproj", "{8777489D-88C7-4FB1-9B1B-9F98ED5A85CE}"
EndProject
Project("{FAE04EC0-301F-11D3-BF4B-00C04F79EFBC}") = "Ecommerce.Catalog.Infrastructure", "src\Modules\Catalog\Ecommerce.Catalog.Infrastructure\Ecommerce.Catalog.Infrastructure.csproj", "{E601BF53-F808-4073-9C44-9007BF83B062}"
EndProject
Project("{FAE04EC0-301F-11D3-BF4B-00C04F79EFBC}") = "Ecommerce.Catalog.Contracts", "src\Modules\Catalog\Ecommerce.Catalog.Contracts\Ecommerce.Catalog.Contracts.csproj", "{E94555C9-FA01-4A97-AC3F-C7141C45DC4B}"
EndProject
Project("{FAE04EC0-301F-11D3-BF4B-00C04F79EFBC}") = "Ecommerce.ArchitectureTests", "tests\ArchitectureTests\Ecommerce.ArchitectureTests\Ecommerce.ArchitectureTests.csproj", "{48B26021-E744-4EA7-8807-A262096021F9}"
EndProject
Project("{FAE04EC0-301F-11D3-BF4B-00C04F79EFBC}") = "Ecommerce.Catalog.UnitTests", "tests\UnitTests\Ecommerce.Catalog.UnitTests\Ecommerce.Catalog.UnitTests.csproj", "{AAC5E935-59EE-4658-8B8A-056AC2CD2A1B}"
EndProject
Project("{2150E333-8FDC-42A3-9474-1A3956D46DE8}") = "Modules", "Modules", "{EC447DCF-ABFA-6E24-52A5-D7FD48A5C558}"
EndProject
Project("{2150E333-8FDC-42A3-9474-1A3956D46DE8}") = "Auth", "Auth", "{E9D55F35-C373-3DD8-6914-3213F2F582A2}"
EndProject
Project("{FAE04EC0-301F-11D3-BF4B-00C04F79EFBC}") = "Ecommerce.Auth.Domain", "src\Modules\Auth\Ecommerce.Auth.Domain\Ecommerce.Auth.Domain.csproj", "{ED8F5E55-EEAF-4D2E-A7C7-BD796A298AAC}"
EndProject
Project("{FAE04EC0-301F-11D3-BF4B-00C04F79EFBC}") = "Ecommerce.Auth.Application", "src\Modules\Auth\Ecommerce.Auth.Application\Ecommerce.Auth.Application.csproj", "{ACAE156B-BD1E-4C8B-9DE0-A9CBCEAD4993}"
EndProject
Project("{FAE04EC0-301F-11D3-BF4B-00C04F79EFBC}") = "Ecommerce.Auth.Infrastructure", "src\Modules\Auth\Ecommerce.Auth.Infrastructure\Ecommerce.Auth.Infrastructure.csproj", "{54E3B886-3D46-4D01-B2EE-9DEE27AC6016}"
EndProject
Project("{FAE04EC0-301F-11D3-BF4B-00C04F79EFBC}") = "Ecommerce.Auth.Contracts", "src\Modules\Auth\Ecommerce.Auth.Contracts\Ecommerce.Auth.Contracts.csproj", "{B40A4EA8-D923-4DE2-80ED-49D457932736}"
EndProject
Project("{FAE04EC0-301F-11D3-BF4B-00C04F79EFBC}") = "Ecommerce.Auth.UnitTests", "tests\UnitTests\Ecommerce.Auth.UnitTests\Ecommerce.Auth.UnitTests.csproj", "{206ADA10-B3CB-41D0-8A91-4E538898F2C2}"
EndProject
Global
	GlobalSection(SolutionConfigurationPlatforms) = preSolution
		Debug|Any CPU = Debug|Any CPU
		Debug|x64 = Debug|x64
		Debug|x86 = Debug|x86
		Release|Any CPU = Release|Any CPU
		Release|x64 = Release|x64
		Release|x86 = Release|x86
	EndGlobalSection
	GlobalSection(ProjectConfigurationPlatforms) = postSolution
		{19760BA9-E95B-4C87-A169-281BB17C67CD}.Debug|Any CPU.ActiveCfg = Debug|Any CPU
		{19760BA9-E95B-4C87-A169-281BB17C67CD}.Debug|Any CPU.Build.0 = Debug|Any CPU
		{19760BA9-E95B-4C87-A169-281BB17C67CD}.Debug|x64.ActiveCfg = Debug|Any CPU
		{19760BA9-E95B-4C87-A169-281BB17C67CD}.Debug|x64.Build.0 = Debug|Any CPU
		{19760BA9-E95B-4C87-A169-281BB17C67CD}.Debug|x86.ActiveCfg = Debug|Any CPU
		{19760BA9-E95B-4C87-A169-281BB17C67CD}.Debug|x86.Build.0 = Debug|Any CPU
		{19760BA9-E95B-4C87-A169-281BB17C67CD}.Release|Any CPU.ActiveCfg = Release|Any CPU
		{19760BA9-E95B-4C87-A169-281BB17C67CD}.Release|Any CPU.Build.0 = Release|Any CPU
		{19760BA9-E95B-4C87-A169-281BB17C67CD}.Release|x64.ActiveCfg = Release|Any CPU
		{19760BA9-E95B-4C87-A169-281BB17C67CD}.Release|x64.Build.0 = Release|Any CPU
		{19760BA9-E95B-4C87-A169-281BB17C67CD}.Release|x86.ActiveCfg = Release|Any CPU
		{19760BA9-E95B-4C87-A169-281BB17C67CD}.Release|x86.Build.0 = Release|Any CPU
		{57EFD04C-9CBC-4687-A33D-C5E75A3E3D4C}.Debug|Any CPU.ActiveCfg = Debug|Any CPU
		{57EFD04C-9CBC-4687-A33D-C5E75A3E3D4C}.Debug|Any CPU.Build.0 = Debug|Any CPU
		{57EFD04C-9CBC-4687-A33D-C5E75A3E3D4C}.Debug|x64.ActiveCfg = Debug|Any CPU
		{57EFD04C-9CBC-4687-A33D-C5E75A3E3D4C}.Debug|x64.Build.0 = Debug|Any CPU
		{57EFD04C-9CBC-4687-A33D-C5E75A3E3D4C}.Debug|x86.ActiveCfg = Debug|Any CPU
		{57EFD04C-9CBC-4687-A33D-C5E75A3E3D4C}.Debug|x86.Build.0 = Debug|Any CPU
		{57EFD04C-9CBC-4687-A33D-C5E75A3E3D4C}.Release|Any CPU.ActiveCfg = Release|Any CPU
		{57EFD04C-9CBC-4687-A33D-C5E75A3E3D4C}.Release|Any CPU.Build.0 = Release|Any CPU
		{57EFD04C-9CBC-4687-A33D-C5E75A3E3D4C}.Release|x64.ActiveCfg = Release|Any CPU
		{57EFD04C-9CBC-4687-A33D-C5E75A3E3D4C}.Release|x64.Build.0 = Release|Any CPU
		{57EFD04C-9CBC-4687-A33D-C5E75A3E3D4C}.Release|x86.ActiveCfg = Release|Any CPU
		{57EFD04C-9CBC-4687-A33D-C5E75A3E3D4C}.Release|x86.Build.0 = Release|Any CPU
		{8837735B-328D-4CA1-91C3-BACD40B7A093}.Debug|Any CPU.ActiveCfg = Debug|Any CPU
		{8837735B-328D-4CA1-91C3-BACD40B7A093}.Debug|Any CPU.Build.0 = Debug|Any CPU
		{8837735B-328D-4CA1-91C3-BACD40B7A093}.Debug|x64.ActiveCfg = Debug|Any CPU
		{8837735B-328D-4CA1-91C3-BACD40B7A093}.Debug|x64.Build.0 = Debug|Any CPU
		{8837735B-328D-4CA1-91C3-BACD40B7A093}.Debug|x86.ActiveCfg = Debug|Any CPU
		{8837735B-328D-4CA1-91C3-BACD40B7A093}.Debug|x86.Build.0 = Debug|Any CPU
		{8837735B-328D-4CA1-91C3-BACD40B7A093}.Release|Any CPU.ActiveCfg = Release|Any CPU
		{8837735B-328D-4CA1-91C3-BACD40B7A093}.Release|Any CPU.Build.0 = Release|Any CPU
		{8837735B-328D-4CA1-91C3-BACD40B7A093}.Release|x64.ActiveCfg = Release|Any CPU
		{8837735B-328D-4CA1-91C3-BACD40B7A093}.Release|x64.Build.0 = Release|Any CPU
		{8837735B-328D-4CA1-91C3-BACD40B7A093}.Release|x86.ActiveCfg = Release|Any CPU
		{8837735B-328D-4CA1-91C3-BACD40B7A093}.Release|x86.Build.0 = Release|Any CPU
		{CCC57AA9-48FE-4D14-8951-EDE3FDB494B2}.Debug|Any CPU.ActiveCfg = Debug|Any CPU
		{CCC57AA9-48FE-4D14-8951-EDE3FDB494B2}.Debug|Any CPU.Build.0 = Debug|Any CPU
		{CCC57AA9-48FE-4D14-8951-EDE3FDB494B2}.Debug|x64.ActiveCfg = Debug|Any CPU
		{CCC57AA9-48FE-4D14-8951-EDE3FDB494B2}.Debug|x64.Build.0 = Debug|Any CPU
		{CCC57AA9-48FE-4D14-8951-EDE3FDB494B2}.Debug|x86.ActiveCfg = Debug|Any CPU
		{CCC57AA9-48FE-4D14-8951-EDE3FDB494B2}.Debug|x86.Build.0 = Debug|Any CPU
		{CCC57AA9-48FE-4D14-8951-EDE3FDB494B2}.Release|Any CPU.ActiveCfg = Release|Any CPU
		{CCC57AA9-48FE-4D14-8951-EDE3FDB494B2}.Release|Any CPU.Build.0 = Release|Any CPU
		{CCC57AA9-48FE-4D14-8951-EDE3FDB494B2}.Release|x64.ActiveCfg = Release|Any CPU
		{CCC57AA9-48FE-4D14-8951-EDE3FDB494B2}.Release|x64.Build.0 = Release|Any CPU
		{CCC57AA9-48FE-4D14-8951-EDE3FDB494B2}.Release|x86.ActiveCfg = Release|Any CPU
		{CCC57AA9-48FE-4D14-8951-EDE3FDB494B2}.Release|x86.Build.0 = Release|Any CPU
		{B4758736-6743-487B-A541-3F540AD6A646}.Debug|Any CPU.ActiveCfg = Debug|Any CPU
		{B4758736-6743-487B-A541-3F540AD6A646}.Debug|Any CPU.Build.0 = Debug|Any CPU
		{B4758736-6743-487B-A541-3F540AD6A646}.Debug|x64.ActiveCfg = Debug|Any CPU
		{B4758736-6743-487B-A541-3F540AD6A646}.Debug|x64.Build.0 = Debug|Any CPU
		{B4758736-6743-487B-A541-3F540AD6A646}.Debug|x86.ActiveCfg = Debug|Any CPU
		{B4758736-6743-487B-A541-3F540AD6A646}.Debug|x86.Build.0 = Debug|Any CPU
		{B4758736-6743-487B-A541-3F540AD6A646}.Release|Any CPU.ActiveCfg = Release|Any CPU
		{B4758736-6743-487B-A541-3F540AD6A646}.Release|Any CPU.Build.0 = Release|Any CPU
		{B4758736-6743-487B-A541-3F540AD6A646}.Release|x64.ActiveCfg = Release|Any CPU
		{B4758736-6743-487B-A541-3F540AD6A646}.Release|x64.Build.0 = Release|Any CPU
		{B4758736-6743-487B-A541-3F540AD6A646}.Release|x86.ActiveCfg = Release|Any CPU
		{B4758736-6743-487B-A541-3F540AD6A646}.Release|x86.Build.0 = Release|Any CPU
		{8777489D-88C7-4FB1-9B1B-9F98ED5A85CE}.Debug|Any CPU.ActiveCfg = Debug|Any CPU
		{8777489D-88C7-4FB1-9B1B-9F98ED5A85CE}.Debug|Any CPU.Build.0 = Debug|Any CPU
		{8777489D-88C7-4FB1-9B1B-9F98ED5A85CE}.Debug|x64.ActiveCfg = Debug|Any CPU
		{8777489D-88C7-4FB1-9B1B-9F98ED5A85CE}.Debug|x64.Build.0 = Debug|Any CPU
		{8777489D-88C7-4FB1-9B1B-9F98ED5A85CE}.Debug|x86.ActiveCfg = Debug|Any CPU
		{8777489D-88C7-4FB1-9B1B-9F98ED5A85CE}.Debug|x86.Build.0 = Debug|Any CPU
		{8777489D-88C7-4FB1-9B1B-9F98ED5A85CE}.Release|Any CPU.ActiveCfg = Release|Any CPU
		{8777489D-88C7-4FB1-9B1B-9F98ED5A85CE}.Release|Any CPU.Build.0 = Release|Any CPU
		{8777489D-88C7-4FB1-9B1B-9F98ED5A85CE}.Release|x64.ActiveCfg = Release|Any CPU
		{8777489D-88C7-4FB1-9B1B-9F98ED5A85CE}.Release|x64.Build.0 = Release|Any CPU
		{8777489D-88C7-4FB1-9B1B-9F98ED5A85CE}.Release|x86.ActiveCfg = Release|Any CPU
		{8777489D-88C7-4FB1-9B1B-9F98ED5A85CE}.Release|x86.Build.0 = Release|Any CPU
		{E601BF53-F808-4073-9C44-9007BF83B062}.Debug|Any CPU.ActiveCfg = Debug|Any CPU
		{E601BF53-F808-4073-9C44-9007BF83B062}.Debug|Any CPU.Build.0 = Debug|Any CPU
		{E601BF53-F808-4073-9C44-9007BF83B062}.Debug|x64.ActiveCfg = Debug|Any CPU
		{E601BF53-F808-4073-9C44-9007BF83B062}.Debug|x64.Build.0 = Debug|Any CPU
		{E601BF53-F808-4073-9C44-9007BF83B062}.Debug|x86.ActiveCfg = Debug|Any CPU
		{E601BF53-F808-4073-9C44-9007BF83B062}.Debug|x86.Build.0 = Debug|Any CPU
		{E601BF53-F808-4073-9C44-9007BF83B062}.Release|Any CPU.ActiveCfg = Release|Any CPU
		{E601BF53-F808-4073-9C44-9007BF83B062}.Release|Any CPU.Build.0 = Release|Any CPU
		{E601BF53-F808-4073-9C44-9007BF83B062}.Release|x64.ActiveCfg = Release|Any CPU
		{E601BF53-F808-4073-9C44-9007BF83B062}.Release|x64.Build.0 = Release|Any CPU
		{E601BF53-F808-4073-9C44-9007BF83B062}.Release|x86.ActiveCfg = Release|Any CPU
		{E601BF53-F808-4073-9C44-9007BF83B062}.Release|x86.Build.0 = Release|Any CPU
		{E94555C9-FA01-4A97-AC3F-C7141C45DC4B}.Debug|Any CPU.ActiveCfg = Debug|Any CPU
		{E94555C9-FA01-4A97-AC3F-C7141C45DC4B}.Debug|Any CPU.Build.0 = Debug|Any CPU
		{E94555C9-FA01-4A97-AC3F-C7141C45DC4B}.Debug|x64.ActiveCfg = Debug|Any CPU
		{E94555C9-FA01-4A97-AC3F-C7141C45DC4B}.Debug|x64.Build.0 = Debug|Any CPU
		{E94555C9-FA01-4A97-AC3F-C7141C45DC4B}.Debug|x86.ActiveCfg = Debug|Any CPU
		{E94555C9-FA01-4A97-AC3F-C7141C45DC4B}.Debug|x86.Build.0 = Debug|Any CPU
		{E94555C9-FA01-4A97-AC3F-C7141C45DC4B}.Release|Any CPU.ActiveCfg = Release|Any CPU
		{E94555C9-FA01-4A97-AC3F-C7141C45DC4B}.Release|Any CPU.Build.0 = Release|Any CPU
		{E94555C9-FA01-4A97-AC3F-C7141C45DC4B}.Release|x64.ActiveCfg = Release|Any CPU
		{E94555C9-FA01-4A97-AC3F-C7141C45DC4B}.Release|x64.Build.0 = Release|Any CPU
		{E94555C9-FA01-4A97-AC3F-C7141C45DC4B}.Release|x86.ActiveCfg = Release|Any CPU
		{E94555C9-FA01-4A97-AC3F-C7141C45DC4B}.Release|x86.Build.0 = Release|Any CPU
		{48B26021-E744-4EA7-8807-A262096021F9}.Debug|Any CPU.ActiveCfg = Debug|Any CPU
		{48B26021-E744-4EA7-8807-A262096021F9}.Debug|Any CPU.Build.0 = Debug|Any CPU
		{48B26021-E744-4EA7-8807-A262096021F9}.Debug|x64.ActiveCfg = Debug|Any CPU
		{48B26021-E744-4EA7-8807-A262096021F9}.Debug|x64.Build.0 = Debug|Any CPU
		{48B26021-E744-4EA7-8807-A262096021F9}.Debug|x86.ActiveCfg = Debug|Any CPU
		{48B26021-E744-4EA7-8807-A262096021F9}.Debug|x86.Build.0 = Debug|Any CPU
		{48B26021-E744-4EA7-8807-A262096021F9}.Release|Any CPU.ActiveCfg = Release|Any CPU
		{48B26021-E744-4EA7-8807-A262096021F9}.Release|Any CPU.Build.0 = Release|Any CPU
		{48B26021-E744-4EA7-8807-A262096021F9}.Release|x64.ActiveCfg = Release|Any CPU
		{48B26021-E744-4EA7-8807-A262096021F9}.Release|x64.Build.0 = Release|Any CPU
		{48B26021-E744-4EA7-8807-A262096021F9}.Release|x86.ActiveCfg = Release|Any CPU
		{48B26021-E744-4EA7-8807-A262096021F9}.Release|x86.Build.0 = Release|Any CPU
		{AAC5E935-59EE-4658-8B8A-056AC2CD2A1B}.Debug|Any CPU.ActiveCfg = Debug|Any CPU
		{AAC5E935-59EE-4658-8B8A-056AC2CD2A1B}.Debug|Any CPU.Build.0 = Debug|Any CPU
		{AAC5E935-59EE-4658-8B8A-056AC2CD2A1B}.Debug|x64.ActiveCfg = Debug|Any CPU
		{AAC5E935-59EE-4658-8B8A-056AC2CD2A1B}.Debug|x64.Build.0 = Debug|Any CPU
		{AAC5E935-59EE-4658-8B8A-056AC2CD2A1B}.Debug|x86.ActiveCfg = Debug|Any CPU
		{AAC5E935-59EE-4658-8B8A-056AC2CD2A1B}.Debug|x86.Build.0 = Debug|Any CPU
		{AAC5E935-59EE-4658-8B8A-056AC2CD2A1B}.Release|Any CPU.ActiveCfg = Release|Any CPU
		{AAC5E935-59EE-4658-8B8A-056AC2CD2A1B}.Release|Any CPU.Build.0 = Release|Any CPU
		{AAC5E935-59EE-4658-8B8A-056AC2CD2A1B}.Release|x64.ActiveCfg = Release|Any CPU
		{AAC5E935-59EE-4658-8B8A-056AC2CD2A1B}.Release|x64.Build.0 = Release|Any CPU
		{AAC5E935-59EE-4658-8B8A-056AC2CD2A1B}.Release|x86.ActiveCfg = Release|Any CPU
		{AAC5E935-59EE-4658-8B8A-056AC2CD2A1B}.Release|x86.Build.0 = Release|Any CPU
		{ED8F5E55-EEAF-4D2E-A7C7-BD796A298AAC}.Debug|Any CPU.ActiveCfg = Debug|Any CPU
		{ED8F5E55-EEAF-4D2E-A7C7-BD796A298AAC}.Debug|Any CPU.Build.0 = Debug|Any CPU
		{ED8F5E55-EEAF-4D2E-A7C7-BD796A298AAC}.Debug|x64.ActiveCfg = Debug|Any CPU
		{ED8F5E55-EEAF-4D2E-A7C7-BD796A298AAC}.Debug|x64.Build.0 = Debug|Any CPU
		{ED8F5E55-EEAF-4D2E-A7C7-BD796A298AAC}.Debug|x86.ActiveCfg = Debug|Any CPU
		{ED8F5E55-EEAF-4D2E-A7C7-BD796A298AAC}.Debug|x86.Build.0 = Debug|Any CPU
		{ED8F5E55-EEAF-4D2E-A7C7-BD796A298AAC}.Release|Any CPU.ActiveCfg = Release|Any CPU
		{ED8F5E55-EEAF-4D2E-A7C7-BD796A298AAC}.Release|Any CPU.Build.0 = Release|Any CPU
		{ED8F5E55-EEAF-4D2E-A7C7-BD796A298AAC}.Release|x64.ActiveCfg = Release|Any CPU
		{ED8F5E55-EEAF-4D2E-A7C7-BD796A298AAC}.Release|x64.Build.0 = Release|Any CPU
		{ED8F5E55-EEAF-4D2E-A7C7-BD796A298AAC}.Release|x86.ActiveCfg = Release|Any CPU
		{ED8F5E55-EEAF-4D2E-A7C7-BD796A298AAC}.Release|x86.Build.0 = Release|Any CPU
		{ACAE156B-BD1E-4C8B-9DE0-A9CBCEAD4993}.Debug|Any CPU.ActiveCfg = Debug|Any CPU
		{ACAE156B-BD1E-4C8B-9DE0-A9CBCEAD4993}.Debug|Any CPU.Build.0 = Debug|Any CPU
		{ACAE156B-BD1E-4C8B-9DE0-A9CBCEAD4993}.Debug|x64.ActiveCfg = Debug|Any CPU
		{ACAE156B-BD1E-4C8B-9DE0-A9CBCEAD4993}.Debug|x64.Build.0 = Debug|Any CPU
		{ACAE156B-BD1E-4C8B-9DE0-A9CBCEAD4993}.Debug|x86.ActiveCfg = Debug|Any CPU
		{ACAE156B-BD1E-4C8B-9DE0-A9CBCEAD4993}.Debug|x86.Build.0 = Debug|Any CPU
		{ACAE156B-BD1E-4C8B-9DE0-A9CBCEAD4993}.Release|Any CPU.ActiveCfg = Release|Any CPU
		{ACAE156B-BD1E-4C8B-9DE0-A9CBCEAD4993}.Release|Any CPU.Build.0 = Release|Any CPU
		{ACAE156B-BD1E-4C8B-9DE0-A9CBCEAD4993}.Release|x64.ActiveCfg = Release|Any CPU
		{ACAE156B-BD1E-4C8B-9DE0-A9CBCEAD4993}.Release|x64.Build.0 = Release|Any CPU
		{ACAE156B-BD1E-4C8B-9DE0-A9CBCEAD4993}.Release|x86.ActiveCfg = Release|Any CPU
		{ACAE156B-BD1E-4C8B-9DE0-A9CBCEAD4993}.Release|x86.Build.0 = Release|Any CPU
		{54E3B886-3D46-4D01-B2EE-9DEE27AC6016}.Debug|Any CPU.ActiveCfg = Debug|Any CPU
		{54E3B886-3D46-4D01-B2EE-9DEE27AC6016}.Debug|Any CPU.Build.0 = Debug|Any CPU
		{54E3B886-3D46-4D01-B2EE-9DEE27AC6016}.Debug|x64.ActiveCfg = Debug|Any CPU
		{54E3B886-3D46-4D01-B2EE-9DEE27AC6016}.Debug|x64.Build.0 = Debug|Any CPU
		{54E3B886-3D46-4D01-B2EE-9DEE27AC6016}.Debug|x86.ActiveCfg = Debug|Any CPU
		{54E3B886-3D46-4D01-B2EE-9DEE27AC6016}.Debug|x86.Build.0 = Debug|Any CPU
		{54E3B886-3D46-4D01-B2EE-9DEE27AC6016}.Release|Any CPU.ActiveCfg = Release|Any CPU
		{54E3B886-3D46-4D01-B2EE-9DEE27AC6016}.Release|Any CPU.Build.0 = Release|Any CPU
		{54E3B886-3D46-4D01-B2EE-9DEE27AC6016}.Release|x64.ActiveCfg = Release|Any CPU
		{54E3B886-3D46-4D01-B2EE-9DEE27AC6016}.Release|x64.Build.0 = Release|Any CPU
		{54E3B886-3D46-4D01-B2EE-9DEE27AC6016}.Release|x86.ActiveCfg = Release|Any CPU
		{54E3B886-3D46-4D01-B2EE-9DEE27AC6016}.Release|x86.Build.0 = Release|Any CPU
		{B40A4EA8-D923-4DE2-80ED-49D457932736}.Debug|Any CPU.ActiveCfg = Debug|Any CPU
		{B40A4EA8-D923-4DE2-80ED-49D457932736}.Debug|Any CPU.Build.0 = Debug|Any CPU
		{B40A4EA8-D923-4DE2-80ED-49D457932736}.Debug|x64.ActiveCfg = Debug|Any CPU
		{B40A4EA8-D923-4DE2-80ED-49D457932736}.Debug|x64.Build.0 = Debug|Any CPU
		{B40A4EA8-D923-4DE2-80ED-49D457932736}.Debug|x86.ActiveCfg = Debug|Any CPU
		{B40A4EA8-D923-4DE2-80ED-49D457932736}.Debug|x86.Build.0 = Debug|Any CPU
		{B40A4EA8-D923-4DE2-80ED-49D457932736}.Release|Any CPU.ActiveCfg = Release|Any CPU
		{B40A4EA8-D923-4DE2-80ED-49D457932736}.Release|Any CPU.Build.0 = Release|Any CPU
		{B40A4EA8-D923-4DE2-80ED-49D457932736}.Release|x64.ActiveCfg = Release|Any CPU
		{B40A4EA8-D923-4DE2-80ED-49D457932736}.Release|x64.Build.0 = Release|Any CPU
		{B40A4EA8-D923-4DE2-80ED-49D457932736}.Release|x86.ActiveCfg = Release|Any CPU
		{B40A4EA8-D923-4DE2-80ED-49D457932736}.Release|x86.Build.0 = Release|Any CPU
		{206ADA10-B3CB-41D0-8A91-4E538898F2C2}.Debug|Any CPU.ActiveCfg = Debug|Any CPU
		{206ADA10-B3CB-41D0-8A91-4E538898F2C2}.Debug|Any CPU.Build.0 = Debug|Any CPU
		{206ADA10-B3CB-41D0-8A91-4E538898F2C2}.Debug|x64.ActiveCfg = Debug|Any CPU
		{206ADA10-B3CB-41D0-8A91-4E538898F2C2}.Debug|x64.Build.0 = Debug|Any CPU
		{206ADA10-B3CB-41D0-8A91-4E538898F2C2}.Debug|x86.ActiveCfg = Debug|Any CPU
		{206ADA10-B3CB-41D0-8A91-4E538898F2C2}.Debug|x86.Build.0 = Debug|Any CPU
		{206ADA10-B3CB-41D0-8A91-4E538898F2C2}.Release|Any CPU.ActiveCfg = Release|Any CPU
		{206ADA10-B3CB-41D0-8A91-4E538898F2C2}.Release|Any CPU.Build.0 = Release|Any CPU
		{206ADA10-B3CB-41D0-8A91-4E538898F2C2}.Release|x64.ActiveCfg = Release|Any CPU
		{206ADA10-B3CB-41D0-8A91-4E538898F2C2}.Release|x64.Build.0 = Release|Any CPU
		{206ADA10-B3CB-41D0-8A91-4E538898F2C2}.Release|x86.ActiveCfg = Release|Any CPU
		{206ADA10-B3CB-41D0-8A91-4E538898F2C2}.Release|x86.Build.0 = Release|Any CPU
	EndGlobalSection
	GlobalSection(SolutionProperties) = preSolution
		HideSolutionNode = FALSE
	EndGlobalSection
	GlobalSection(NestedProjects) = preSolution
		{81034408-37C8-1011-444E-4C15C2FADA8E} = {827E0CD3-B72D-47B6-A68D-7590B98EB39B}
		{19760BA9-E95B-4C87-A169-281BB17C67CD} = {81034408-37C8-1011-444E-4C15C2FADA8E}
		{57EFD04C-9CBC-4687-A33D-C5E75A3E3D4C} = {81034408-37C8-1011-444E-4C15C2FADA8E}
		{8837735B-328D-4CA1-91C3-BACD40B7A093} = {81034408-37C8-1011-444E-4C15C2FADA8E}
		{CCC57AA9-48FE-4D14-8951-EDE3FDB494B2} = {81034408-37C8-1011-444E-4C15C2FADA8E}
		{B4758736-6743-487B-A541-3F540AD6A646} = {81034408-37C8-1011-444E-4C15C2FADA8E}
		{8777489D-88C7-4FB1-9B1B-9F98ED5A85CE} = {81034408-37C8-1011-444E-4C15C2FADA8E}
		{E601BF53-F808-4073-9C44-9007BF83B062} = {81034408-37C8-1011-444E-4C15C2FADA8E}
		{E94555C9-FA01-4A97-AC3F-C7141C45DC4B} = {81034408-37C8-1011-444E-4C15C2FADA8E}
		{48B26021-E744-4EA7-8807-A262096021F9} = {81034408-37C8-1011-444E-4C15C2FADA8E}
		{AAC5E935-59EE-4658-8B8A-056AC2CD2A1B} = {81034408-37C8-1011-444E-4C15C2FADA8E}
		{EC447DCF-ABFA-6E24-52A5-D7FD48A5C558} = {827E0CD3-B72D-47B6-A68D-7590B98EB39B}
		{E9D55F35-C373-3DD8-6914-3213F2F582A2} = {EC447DCF-ABFA-6E24-52A5-D7FD48A5C558}
		{ED8F5E55-EEAF-4D2E-A7C7-BD796A298AAC} = {E9D55F35-C373-3DD8-6914-3213F2F582A2}
		{ACAE156B-BD1E-4C8B-9DE0-A9CBCEAD4993} = {E9D55F35-C373-3DD8-6914-3213F2F582A2}
		{54E3B886-3D46-4D01-B2EE-9DEE27AC6016} = {E9D55F35-C373-3DD8-6914-3213F2F582A2}
		{B40A4EA8-D923-4DE2-80ED-49D457932736} = {E9D55F35-C373-3DD8-6914-3213F2F582A2}
		{206ADA10-B3CB-41D0-8A91-4E538898F2C2} = {E9D55F35-C373-3DD8-6914-3213F2F582A2}
	EndGlobalSection
EndGlobal
